
Microsoft Visual Studio Solution File, Format Version 12.00
# Visual Studio Version 17
VisualStudioVersion = 17.8.34316.72
MinimumVisualStudioVersion = 10.0.40219.1
Project("{FAE04EC0-301F-11D3-BF4B-00C04F79EFBC}") = "TestPls", "TestPls.csproj", "{6489E394-5FDC-4FBD-85C4-EE611B8A905D}"
EndProject
Global
	GlobalSection(SolutionConfigurationPlatforms) = preSolution
		Debug|Any CPU = Debug|Any CPU
		Release|Any CPU = Release|Any CPU
	EndGlobalSection
	GlobalSection(ProjectConfigurationPlatforms) = postSolution
		{6489E394-5FDC-4FBD-85C4-EE611B8A905D}.Debug|Any CPU.ActiveCfg = Debug|Any CPU
		{6489E394-5FDC-4FBD-85C4-EE611B8A905D}.Debug|Any CPU.Build.0 = Debug|Any CPU
		{6489E394-5FDC-4FBD-85C4-EE611B8A905D}.Release|Any CPU.ActiveCfg = Release|Any CPU
		{6489E394-5FDC-4FBD-85C4-EE611B8A905D}.Release|Any CPU.Build.0 = Release|Any CPU
	EndGlobalSection
	GlobalSection(SolutionProperties) = preSolution
		HideSolutionNode = FALSE
	EndGlobalSection
	GlobalSection(ExtensibilityGlobals) = postSolution
		SolutionGuid = {7C99FD17-825A-4064-B225-CE6656A6BE30}
	EndGlobalSection
EndGlobal
